PODS:
  - boost (1.76.0)
  - DoubleConversion (1.1.6)
  - FBLazyVector (0.72.7)
  - FBReactNativeSpec (0.72.7):
    - RCT-Folly (= 2021.07.22.00)
    - RCTRequired (= 0.72.7)
    - RCTTypeSafety (= 0.72.7)
    - React-Core (= 0.72.7)
    - React-jsi (= 0.72.7)
    - ReactCommon/turbomodule/core (= 0.72.7)
  - Firebase/CoreOnly (10.19.0):
    - FirebaseCore (= 10.19.0)
  - FirebaseCore (10.19.0):
    - FirebaseCoreInternal (~> 10.0)
    - GoogleUtilities/Environment (~> 7.12)
    - GoogleUtilities/Logger (~> 7.12)
  - FirebaseCoreInternal (10.19.0):
    - "GoogleUtilities/NSData+zlib (~> 7.8)"
  - fmt (6.2.1)
  - glog (0.3.5)
  - GoogleUtilities/Environment (7.12.0):
    - PromisesObjC (< 3.0, >= 1.2)
  - GoogleUtilities/Logger (7.12.0):
    - GoogleUtilities/Environment
  - "GoogleUtilities/NSData+zlib (7.12.0)"
  - PromisesObjC (2.3.1)
  - RCT-Folly (2021.07.22.00):
    - boost
    - DoubleConversion
    - fmt (~> 6.2.1)
    - glog
    - RCT-Folly/Default (= 2021.07.22.00)
  - RCT-Folly/Default (2021.07.22.00):
    - boost
    - DoubleConversion
    - fmt (~> 6.2.1)
    - glog
  - RCTRequired (0.72.7)
  - RCTTypeSafety (0.72.7):
    - FBLazyVector (= 0.72.7)
    - RCTRequired (= 0.72.7)
    - React-Core (= 0.72.7)
  - React (0.72.7):
    - React-Core (= 0.72.7)
    - React-Core/DevSupport (= 0.72.7)
    - React-Core/RCTWebSocket (= 0.72.7)
    - React-RCTActionSheet (= 0.72.7)
    - React-RCTAnimation (= 0.72.7)
    - React-RCTBlob (= 0.72.7)
    - React-RCTImage (= 0.72.7)
    - React-RCTLinking (= 0.72.7)
    - React-RCTNetwork (= 0.72.7)
    - React-RCTSettings (= 0.72.7)
    - React-RCTText (= 0.72.7)
    - React-RCTVibration (= 0.72.7)
  - React-callinvoker (0.72.7)
  - React-Codegen (0.72.7):
    - DoubleConversion
    - FBReactNativeSpec
    - glog
    - RCT-Folly
    - RCTRequired
    - RCTTypeSafety
    - React-Core
    - React-jsc
    - React-jsi
    - React-jsiexecutor
    - React-NativeModulesApple
    - React-rncore
    - ReactCommon/turbomodule/bridging
    - ReactCommon/turbomodule/core
  - React-Core (0.72.7):
    - glog
    - RCT-Folly (= 2021.07.22.00)
    - React-Core/Default (= 0.72.7)
    - React-cxxreact
    - React-jsc
    - React-jsi
    - React-jsiexecutor
    - React-perflogger
    - React-runtimeexecutor
    - React-utils
    - SocketRocket (= 0.6.1)
    - Yoga
  - React-Core/CoreModulesHeaders (0.72.7):
    - glog
    - RCT-Folly (= 2021.07.22.00)
    - React-Core/Default
    - React-cxxreact
    - React-jsc
    - React-jsi
    - React-jsiexecutor
    - React-perflogger
    - React-runtimeexecutor
    - React-utils
    - SocketRocket (= 0.6.1)
    - Yoga
  - React-Core/Default (0.72.7):
    - glog
    - RCT-Folly (= 2021.07.22.00)
    - React-cxxreact
    - React-jsc
    - React-jsi
    - React-jsiexecutor
    - React-perflogger
    - React-runtimeexecutor
    - React-utils
    - SocketRocket (= 0.6.1)
    - Yoga
  - React-Core/DevSupport (0.72.7):
    - glog
    - RCT-Folly (= 2021.07.22.00)
    - React-Core/Default (= 0.72.7)
    - React-Core/RCTWebSocket (= 0.72.7)
    - React-cxxreact
    - React-jsc
    - React-jsi
    - React-jsiexecutor
    - React-jsinspector (= 0.72.7)
    - React-perflogger
    - React-runtimeexecutor
    - React-utils
    - SocketRocket (= 0.6.1)
    - Yoga
  - React-Core/RCTActionSheetHeaders (0.72.7):
    - glog
    - RCT-Folly (= 2021.07.22.00)
    - React-Core/Default
    - React-cxxreact
    - React-jsc
    - React-jsi
    - React-jsiexecutor
    - React-perflogger
    - React-runtimeexecutor
    - React-utils
    - SocketRocket (= 0.6.1)
    - Yoga
  - React-Core/RCTAnimationHeaders (0.72.7):
    - glog
    - RCT-Folly (= 2021.07.22.00)
    - React-Core/Default
    - React-cxxreact
    - React-jsc
    - React-jsi
    - React-jsiexecutor
    - React-perflogger
    - React-runtimeexecutor
    - React-utils
    - SocketRocket (= 0.6.1)
    - Yoga
  - React-Core/RCTBlobHeaders (0.72.7):
    - glog
    - RCT-Folly (= 2021.07.22.00)
    - React-Core/Default
    - React-cxxreact
    - React-jsc
    - React-jsi
    - React-jsiexecutor
    - React-perflogger
    - React-runtimeexecutor
    - React-utils
    - SocketRocket (= 0.6.1)
    - Yoga
  - React-Core/RCTImageHeaders (0.72.7):
    - glog
    - RCT-Folly (= 2021.07.22.00)
    - React-Core/Default
    - React-cxxreact
    - React-jsc
    - React-jsi
    - React-jsiexecutor
    - React-perflogger
    - React-runtimeexecutor
    - React-utils
    - SocketRocket (= 0.6.1)
    - Yoga
  - React-Core/RCTLinkingHeaders (0.72.7):
    - glog
    - RCT-Folly (= 2021.07.22.00)
    - React-Core/Default
    - React-cxxreact
    - React-jsc
    - React-jsi
    - React-jsiexecutor
    - React-perflogger
    - React-runtimeexecutor
    - React-utils
    - SocketRocket (= 0.6.1)
    - Yoga
  - React-Core/RCTNetworkHeaders (0.72.7):
    - glog
    - RCT-Folly (= 2021.07.22.00)
    - React-Core/Default
    - React-cxxreact
    - React-jsc
    - React-jsi
    - React-jsiexecutor
    - React-perflogger
    - React-runtimeexecutor
    - React-utils
    - SocketRocket (= 0.6.1)
    - Yoga
  - React-Core/RCTSettingsHeaders (0.72.7):
    - glog
    - RCT-Folly (= 2021.07.22.00)
    - React-Core/Default
    - React-cxxreact
    - React-jsc
    - React-jsi
    - React-jsiexecutor
    - React-perflogger
    - React-runtimeexecutor
    - React-utils
    - SocketRocket (= 0.6.1)
    - Yoga
  - React-Core/RCTTextHeaders (0.72.7):
    - glog
    - RCT-Folly (= 2021.07.22.00)
    - React-Core/Default
    - React-cxxreact
    - React-jsc
    - React-jsi
    - React-jsiexecutor
    - React-perflogger
    - React-runtimeexecutor
    - React-utils
    - SocketRocket (= 0.6.1)
    - Yoga
  - React-Core/RCTVibrationHeaders (0.72.7):
    - glog
    - RCT-Folly (= 2021.07.22.00)
    - React-Core/Default
    - React-cxxreact
    - React-jsc
    - React-jsi
    - React-jsiexecutor
    - React-perflogger
    - React-runtimeexecutor
    - React-utils
    - SocketRocket (= 0.6.1)
    - Yoga
  - React-Core/RCTWebSocket (0.72.7):
    - glog
    - RCT-Folly (= 2021.07.22.00)
    - React-Core/Default (= 0.72.7)
    - React-cxxreact
    - React-jsc
    - React-jsi
    - React-jsiexecutor
    - React-perflogger
    - React-runtimeexecutor
    - React-utils
    - SocketRocket (= 0.6.1)
    - Yoga
  - React-CoreModules (0.72.7):
    - RCT-Folly (= 2021.07.22.00)
    - RCTTypeSafety (= 0.72.7)
    - React-Codegen (= 0.72.7)
    - React-Core/CoreModulesHeaders (= 0.72.7)
    - React-jsi (= 0.72.7)
    - React-RCTBlob
    - React-RCTImage (= 0.72.7)
    - ReactCommon/turbomodule/core (= 0.72.7)
    - SocketRocket (= 0.6.1)
  - React-cxxreact (0.72.7):
    - boost (= 1.76.0)
    - DoubleConversion
    - glog
    - RCT-Folly (= 2021.07.22.00)
    - React-callinvoker (= 0.72.7)
    - React-debug (= 0.72.7)
    - React-jsi (= 0.72.7)
    - React-jsinspector (= 0.72.7)
    - React-logger (= 0.72.7)
    - React-perflogger (= 0.72.7)
    - React-runtimeexecutor (= 0.72.7)
  - React-debug (0.72.7)
  - React-jsc (0.72.7):
    - React-jsc/Fabric (= 0.72.7)
    - React-jsi (= 0.72.7)
  - React-jsc/Fabric (0.72.7):
    - React-jsi (= 0.72.7)
  - React-jsi (0.72.7):
    - boost (= 1.76.0)
    - DoubleConversion
    - glog
    - RCT-Folly (= 2021.07.22.00)
  - React-jsiexecutor (0.72.7):
    - DoubleConversion
    - glog
    - RCT-Folly (= 2021.07.22.00)
    - React-cxxreact (= 0.72.7)
    - React-jsi (= 0.72.7)
    - React-perflogger (= 0.72.7)
  - React-jsinspector (0.72.7)
  - React-logger (0.72.7):
    - glog
  - react-native-date-picker (4.3.4):
    - React-Core
  - react-native-safe-area-context (4.8.1):
    - React-Core
  - React-NativeModulesApple (0.72.7):
    - React-callinvoker
    - React-Core
    - React-cxxreact
    - React-jsi
    - React-runtimeexecutor
    - ReactCommon/turbomodule/bridging
    - ReactCommon/turbomodule/core
  - React-perflogger (0.72.7)
  - React-RCTActionSheet (0.72.7):
    - React-Core/RCTActionSheetHeaders (= 0.72.7)
  - React-RCTAnimation (0.72.7):
    - RCT-Folly (= 2021.07.22.00)
    - RCTTypeSafety (= 0.72.7)
    - React-Codegen (= 0.72.7)
    - React-Core/RCTAnimationHeaders (= 0.72.7)
    - React-jsi (= 0.72.7)
    - ReactCommon/turbomodule/core (= 0.72.7)
  - React-RCTAppDelegate (0.72.7):
    - RCT-Folly
    - RCTRequired
    - RCTTypeSafety
    - React-Core
    - React-CoreModules
    - React-jsc
    - React-NativeModulesApple
    - React-RCTImage
    - React-RCTNetwork
    - React-runtimescheduler
    - ReactCommon/turbomodule/core
  - React-RCTBlob (0.72.7):
    - RCT-Folly (= 2021.07.22.00)
    - React-Codegen (= 0.72.7)
    - React-Core/RCTBlobHeaders (= 0.72.7)
    - React-Core/RCTWebSocket (= 0.72.7)
    - React-jsi (= 0.72.7)
    - React-RCTNetwork (= 0.72.7)
    - ReactCommon/turbomodule/core (= 0.72.7)
  - React-RCTImage (0.72.7):
    - RCT-Folly (= 2021.07.22.00)
    - RCTTypeSafety (= 0.72.7)
    - React-Codegen (= 0.72.7)
    - React-Core/RCTImageHeaders (= 0.72.7)
    - React-jsi (= 0.72.7)
    - React-RCTNetwork (= 0.72.7)
    - ReactCommon/turbomodule/core (= 0.72.7)
  - React-RCTLinking (0.72.7):
    - React-Codegen (= 0.72.7)
    - React-Core/RCTLinkingHeaders (= 0.72.7)
    - React-jsi (= 0.72.7)
    - ReactCommon/turbomodule/core (= 0.72.7)
  - React-RCTNetwork (0.72.7):
    - RCT-Folly (= 2021.07.22.00)
    - RCTTypeSafety (= 0.72.7)
    - React-Codegen (= 0.72.7)
    - React-Core/RCTNetworkHeaders (= 0.72.7)
    - React-jsi (= 0.72.7)
    - ReactCommon/turbomodule/core (= 0.72.7)
  - React-RCTSettings (0.72.7):
    - RCT-Folly (= 2021.07.22.00)
    - RCTTypeSafety (= 0.72.7)
    - React-Codegen (= 0.72.7)
    - React-Core/RCTSettingsHeaders (= 0.72.7)
    - React-jsi (= 0.72.7)
    - ReactCommon/turbomodule/core (= 0.72.7)
  - React-RCTText (0.72.7):
    - React-Core/RCTTextHeaders (= 0.72.7)
  - React-RCTVibration (0.72.7):
    - RCT-Folly (= 2021.07.22.00)
    - React-Codegen (= 0.72.7)
    - React-Core/RCTVibrationHeaders (= 0.72.7)
    - React-jsi (= 0.72.7)
    - ReactCommon/turbomodule/core (= 0.72.7)
  - React-rncore (0.72.7)
  - React-runtimeexecutor (0.72.7):
    - React-jsi (= 0.72.7)
  - React-runtimescheduler (0.72.7):
    - glog
    - RCT-Folly (= 2021.07.22.00)
    - React-callinvoker
    - React-debug
    - React-jsi
    - React-runtimeexecutor
  - React-utils (0.72.7):
    - glog
    - RCT-Folly (= 2021.07.22.00)
    - React-debug
  - ReactCommon/turbomodule/bridging (0.72.7):
    - DoubleConversion
    - glog
    - RCT-Folly (= 2021.07.22.00)
    - React-callinvoker (= 0.72.7)
    - React-cxxreact (= 0.72.7)
    - React-jsi (= 0.72.7)
    - React-logger (= 0.72.7)
    - React-perflogger (= 0.72.7)
  - ReactCommon/turbomodule/core (0.72.7):
    - DoubleConversion
    - glog
    - RCT-Folly (= 2021.07.22.00)
    - React-callinvoker (= 0.72.7)
    - React-cxxreact (= 0.72.7)
    - React-jsi (= 0.72.7)
    - React-logger (= 0.72.7)
    - React-perflogger (= 0.72.7)
  - RNFBApp (18.7.3):
    - Firebase/CoreOnly (= 10.19.0)
    - React-Core
  - RNReanimated (3.6.1):
    - RCT-Folly (= 2021.07.22.00)
    - React-Core
    - ReactCommon/turbomodule/core
  - RNScreens (3.29.0):
    - RCT-Folly (= 2021.07.22.00)
    - React-Core
  - RNSVG (14.1.0):
    - React-Core
  - RNVectorIcons (10.0.2):
    - RCT-Folly (= 2021.07.22.00)
    - React-Core
  - SocketRocket (0.6.1)
  - Yoga (1.14.0)

DEPENDENCIES:
  - boost (from `../node_modules/react-native/third-party-podspecs/boost.podspec`)
  - DoubleConversion (from `../node_modules/react-native/third-party-podspecs/DoubleConversion.podspec`)
  - FBLazyVector (from `../node_modules/react-native/Libraries/FBLazyVector`)
  - FBReactNativeSpec (from `../node_modules/react-native/React/FBReactNativeSpec`)
  - glog (from `../node_modules/react-native/third-party-podspecs/glog.podspec`)
  - RCT-Folly (from `../node_modules/react-native/third-party-podspecs/RCT-Folly.podspec`)
  - RCTRequired (from `../node_modules/react-native/Libraries/RCTRequired`)
  - RCTTypeSafety (from `../node_modules/react-native/Libraries/TypeSafety`)
  - React (from `../node_modules/react-native/`)
  - React-callinvoker (from `../node_modules/react-native/ReactCommon/callinvoker`)
  - React-Codegen (from `build/generated/ios`)
  - React-Core (from `../node_modules/react-native/`)
  - React-Core/RCTWebSocket (from `../node_modules/react-native/`)
  - React-CoreModules (from `../node_modules/react-native/React/CoreModules`)
  - React-cxxreact (from `../node_modules/react-native/ReactCommon/cxxreact`)
  - React-debug (from `../node_modules/react-native/ReactCommon/react/debug`)
  - React-jsc (from `../node_modules/react-native/ReactCommon/jsc`)
  - React-jsi (from `../node_modules/react-native/ReactCommon/jsi`)
  - React-jsiexecutor (from `../node_modules/react-native/ReactCommon/jsiexecutor`)
  - React-jsinspector (from `../node_modules/react-native/ReactCommon/jsinspector`)
  - React-logger (from `../node_modules/react-native/ReactCommon/logger`)
  - react-native-date-picker (from `../node_modules/react-native-date-picker`)
  - react-native-safe-area-context (from `../node_modules/react-native-safe-area-context`)
  - React-NativeModulesApple (from `../node_modules/react-native/ReactCommon/react/nativemodule/core/platform/ios`)
  - React-perflogger (from `../node_modules/react-native/ReactCommon/reactperflogger`)
  - React-RCTActionSheet (from `../node_modules/react-native/Libraries/ActionSheetIOS`)
  - React-RCTAnimation (from `../node_modules/react-native/Libraries/NativeAnimation`)
  - React-RCTAppDelegate (from `../node_modules/react-native/Libraries/AppDelegate`)
  - React-RCTBlob (from `../node_modules/react-native/Libraries/Blob`)
  - React-RCTImage (from `../node_modules/react-native/Libraries/Image`)
  - React-RCTLinking (from `../node_modules/react-native/Libraries/LinkingIOS`)
  - React-RCTNetwork (from `../node_modules/react-native/Libraries/Network`)
  - React-RCTSettings (from `../node_modules/react-native/Libraries/Settings`)
  - React-RCTText (from `../node_modules/react-native/Libraries/Text`)
  - React-RCTVibration (from `../node_modules/react-native/Libraries/Vibration`)
  - React-rncore (from `../node_modules/react-native/ReactCommon`)
  - React-runtimeexecutor (from `../node_modules/react-native/ReactCommon/runtimeexecutor`)
  - React-runtimescheduler (from `../node_modules/react-native/ReactCommon/react/renderer/runtimescheduler`)
  - React-utils (from `../node_modules/react-native/ReactCommon/react/utils`)
  - ReactCommon/turbomodule/core (from `../node_modules/react-native/ReactCommon`)
  - "RNFBApp (from `../node_modules/@react-native-firebase/app`)"
  - RNReanimated (from `../node_modules/react-native-reanimated`)
  - RNScreens (from `../node_modules/react-native-screens`)
  - RNSVG (from `../node_modules/react-native-svg`)
  - RNVectorIcons (from `../node_modules/react-native-vector-icons`)
  - Yoga (from `../node_modules/react-native/ReactCommon/yoga`)

SPEC REPOS:
  trunk:
    - Firebase
    - FirebaseCore
    - FirebaseCoreInternal
    - fmt
    - GoogleUtilities
    - PromisesObjC
    - SocketRocket

EXTERNAL SOURCES:
  boost:
    :podspec: "../node_modules/react-native/third-party-podspecs/boost.podspec"
  DoubleConversion:
    :podspec: "../node_modules/react-native/third-party-podspecs/DoubleConversion.podspec"
  FBLazyVector:
    :path: "../node_modules/react-native/Libraries/FBLazyVector"
  FBReactNativeSpec:
    :path: "../node_modules/react-native/React/FBReactNativeSpec"
  glog:
    :podspec: "../node_modules/react-native/third-party-podspecs/glog.podspec"
  RCT-Folly:
    :podspec: "../node_modules/react-native/third-party-podspecs/RCT-Folly.podspec"
  RCTRequired:
    :path: "../node_modules/react-native/Libraries/RCTRequired"
  RCTTypeSafety:
    :path: "../node_modules/react-native/Libraries/TypeSafety"
  React:
    :path: "../node_modules/react-native/"
  React-callinvoker:
    :path: "../node_modules/react-native/ReactCommon/callinvoker"
  React-Codegen:
    :path: build/generated/ios
  React-Core:
    :path: "../node_modules/react-native/"
  React-CoreModules:
    :path: "../node_modules/react-native/React/CoreModules"
  React-cxxreact:
    :path: "../node_modules/react-native/ReactCommon/cxxreact"
  React-debug:
    :path: "../node_modules/react-native/ReactCommon/react/debug"
  React-jsc:
    :path: "../node_modules/react-native/ReactCommon/jsc"
  React-jsi:
    :path: "../node_modules/react-native/ReactCommon/jsi"
  React-jsiexecutor:
    :path: "../node_modules/react-native/ReactCommon/jsiexecutor"
  React-jsinspector:
    :path: "../node_modules/react-native/ReactCommon/jsinspector"
  React-logger:
    :path: "../node_modules/react-native/ReactCommon/logger"
  react-native-date-picker:
    :path: "../node_modules/react-native-date-picker"
  react-native-safe-area-context:
    :path: "../node_modules/react-native-safe-area-context"
  React-NativeModulesApple:
    :path: "../node_modules/react-native/ReactCommon/react/nativemodule/core/platform/ios"
  React-perflogger:
    :path: "../node_modules/react-native/ReactCommon/reactperflogger"
  React-RCTActionSheet:
    :path: "../node_modules/react-native/Libraries/ActionSheetIOS"
  React-RCTAnimation:
    :path: "../node_modules/react-native/Libraries/NativeAnimation"
  React-RCTAppDelegate:
    :path: "../node_modules/react-native/Libraries/AppDelegate"
  React-RCTBlob:
    :path: "../node_modules/react-native/Libraries/Blob"
  React-RCTImage:
    :path: "../node_modules/react-native/Libraries/Image"
  React-RCTLinking:
    :path: "../node_modules/react-native/Libraries/LinkingIOS"
  React-RCTNetwork:
    :path: "../node_modules/react-native/Libraries/Network"
  React-RCTSettings:
    :path: "../node_modules/react-native/Libraries/Settings"
  React-RCTText:
    :path: "../node_modules/react-native/Libraries/Text"
  React-RCTVibration:
    :path: "../node_modules/react-native/Libraries/Vibration"
  React-rncore:
    :path: "../node_modules/react-native/ReactCommon"
  React-runtimeexecutor:
    :path: "../node_modules/react-native/ReactCommon/runtimeexecutor"
  React-runtimescheduler:
    :path: "../node_modules/react-native/ReactCommon/react/renderer/runtimescheduler"
  React-utils:
    :path: "../node_modules/react-native/ReactCommon/react/utils"
  ReactCommon:
    :path: "../node_modules/react-native/ReactCommon"
  RNFBApp:
    :path: "../node_modules/@react-native-firebase/app"
  RNReanimated:
    :path: "../node_modules/react-native-reanimated"
  RNScreens:
    :path: "../node_modules/react-native-screens"
  RNSVG:
    :path: "../node_modules/react-native-svg"
  RNVectorIcons:
    :path: "../node_modules/react-native-vector-icons"
  Yoga:
    :path: "../node_modules/react-native/ReactCommon/yoga"

SPEC CHECKSUMS:
  boost: 57d2868c099736d80fcd648bf211b4431e51a558
  DoubleConversion: 5189b271737e1565bdce30deb4a08d647e3f5f54
  FBLazyVector: 5fbbff1d7734827299274638deb8ba3024f6c597
  FBReactNativeSpec: 638095fe8a01506634d77b260ef8a322019ac671
  Firebase: 63ce8ece0d43743dc28eacac0c6867a2d7fd5a9d
  FirebaseCore: dc5c7badf99d47613c52b2e3a57a64cd187f8554
  FirebaseCoreInternal: b444828ea7cfd594fca83046b95db98a2be4f290
  fmt: ff9d55029c625d3757ed641535fd4a75fedc7ce9
  glog: 04b94705f318337d7ead9e6d17c019bd9b1f6b1b
  GoogleUtilities: 0759d1a57ebb953965c2dfe0ba4c82e95ccc2e34
  PromisesObjC: c50d2056b5253dadbd6c2bea79b0674bd5a52fa4
  RCT-Folly: 424b8c9a7a0b9ab2886ffe9c3b041ef628fd4fb1
  RCTRequired: 83bca1c184feb4d2e51c72c8369b83d641443f95
  RCTTypeSafety: 13c4a87a16d7db6cd66006ce9759f073402ef85b
  React: e67aa9f99957c7611c392b5e49355d877d6525e2
  React-callinvoker: 2790c09d964c2e5404b5410cde91b152e3746b7b
  React-Codegen: 6ccd325208a1a024330452397007b9a9cdae2af1
  React-Core: cf99778a2464b704043f84c08c7060548e07df47
  React-CoreModules: f1a0a9d714d90e7d6b60133372b0cf27788a8331
  React-cxxreact: a4dff353b5e30ee81f1c3b44e4a8eaa8f20a6ed0
  React-debug: c4e6bc83ec3d97cd26fcd57eabea3f21e6232fac
  React-jsc: 643466d63d9c858d8dded262c547ea54eebcc25a
  React-jsi: e4fe2cf2a8e58c04faf491c487ca63bc572c5856
  React-jsiexecutor: 10e6c77ff6b32274b8d152d08ed0328c4b30a821
  React-jsinspector: 8baadae51f01d867c3921213a25ab78ab4fbcd91
  React-logger: 8edc785c47c8686c7962199a307015e2ce9a0e4f
  react-native-date-picker: db26a4dc48fe4e7c3c3afd5008519fad1091c524
  react-native-safe-area-context: cd1169d797a2ef722a00bfc5af10748d5b6c94f9
  React-NativeModulesApple: e22b6543b69c0c4838c70a99e2a4b80894e3681a
  React-perflogger: 31ea61077185eb1428baf60c0db6e2886f141a5a
  React-RCTActionSheet: 392090a3abc8992eb269ef0eaa561750588fc39d
  React-RCTAnimation: dc4cf3f4c9d1ba37edb82f1fb0b00760ddbbeb26
  React-RCTAppDelegate: 7184d1922e63c96478c8404419912508b5b13906
  React-RCTBlob: 8ef43370a4663f9aa905948d1f0d54af02ce10a7
  React-RCTImage: 6ad7a367f40ac7e9af4e15b60e4c3e6dbda87817
  React-RCTLinking: 82db248ade50d92184a9feca46528139f1590a63
  React-RCTNetwork: 93db4b433026b3137e6063f0a66336662d473e55
  React-RCTSettings: e6b44c8b24bc07936e68b8f20d923f69a32488ba
  React-RCTText: 3c71ecaad8ee010b79632ea2590f86c02f5cce17
  React-RCTVibration: a756370068de4becdf432dbd42b76f42fbc1dc66
  React-rncore: 1e60bef88b49498868dfeb63144b00cae17597ef
  React-runtimeexecutor: 47b0a2d5bbb416db65ef881a6f7bdcfefa0001ab
  React-runtimescheduler: a5a42637632330c9436cefa9fd4243b07fc6245e
  React-utils: dc51e2c7c2e49d327b90771d8a7acc95918eb485
  ReactCommon: a4ba2c50e8f1322751ff36d27ac14cb2177e77d2
  RNFBApp: 5ee688b07ed0fa692a3a8fd07df6d6ae41e4c3a0
  RNReanimated: 8a6a83984cb4d61ebf1065b6137150b6b31ce609
  RNScreens: 1c2444658fbb696a094272d946708167b1f63409
  RNSVG: ba3e7232f45e34b7b47e74472386cf4e1a676d0a
  RNVectorIcons: 72a70504e1b0aebcc2d3bbcdf65a75f5f77175f3
  SocketRocket: f32cd54efbe0f095c4d7594881e52619cfe80b17
  Yoga: 4c3aa327e4a6a23eeacd71f61c81df1bcdf677d5

PODFILE CHECKSUM: abb50144b078b8ec707b16055543b155db3a7069

COCOAPODS: 1.14.3
